// !$*UTF8*$!
{
	archiveVersion = 1;
	classes = {
	};
	objectVersion = 50;
	objects = {

/* Begin PBXBuildFile section */
		A372F0A621FB5F08004CEDE9 /* AppDelegate.swift in Sources */ = {isa = PBXBuildFile; fileRef = A372F0A521FB5F08004CEDE9 /* AppDelegate.swift */; };
		A372F0A821FB5F08004CEDE9 /* ViewController.swift in Sources */ = {isa = PBXBuildFile; fileRef = A372F0A721FB5F08004CEDE9 /* ViewController.swift */; };
		A372F0AB21FB5F08004CEDE9 /* Main.storyboard in Resources */ = {isa = PBXBuildFile; fileRef = A372F0A921FB5F08004CEDE9 /* Main.storyboard */; };
		A372F0AD21FB5F0A004CEDE9 /* Assets.xcassets in Resources */ = {isa = PBXBuildFile; fileRef = A372F0AC21FB5F0A004CEDE9 /* Assets.xcassets */; };
		A372F0B021FB5F0A004CEDE9 /* LaunchScreen.storyboard in Resources */ = {isa = PBXBuildFile; fileRef = A372F0AE21FB5F0A004CEDE9 /* LaunchScreen.storyboard */; };
		A372F0BB21FB5F0A004CEDE9 /* BirdARGameTests.swift in Sources */ = {isa = PBXBuildFile; fileRef = A372F0BA21FB5F0A004CEDE9 /* BirdARGameTests.swift */; };
		A372F0C621FB5F0A004CEDE9 /* BirdARGameUITests.swift in Sources */ = {isa = PBXBuildFile; fileRef = A372F0C521FB5F0A004CEDE9 /* BirdARGameUITests.swift */; };
		A372F0D621FB6102004CEDE9 /* Scene.sks in Resources */ = {isa = PBXBuildFile; fileRef = A372F0D521FB6102004CEDE9 /* Scene.sks */; };
		A372F0D821FB615E004CEDE9 /* Scene.swift in Sources */ = {isa = PBXBuildFile; fileRef = A372F0D721FB615E004CEDE9 /* Scene.swift */; };
/* End PBXBuildFile section */

/* Begin PBXContainerItemProxy section */
		A372F0B721FB5F0A004CEDE9 /* PBXContainerItemProxy */ = {
			isa = PBXContainerItemProxy;
			containerPortal = A372F09A21FB5F08004CEDE9 /* Project object */;
			proxyType = 1;
			remoteGlobalIDString = A372F0A121FB5F08004CEDE9;
			remoteInfo = BirdARGame;
		};
		A372F0C221FB5F0A004CEDE9 /* PBXContainerItemProxy */ = {
			isa = PBXContainerItemProxy;
			containerPortal = A372F09A21FB5F08004CEDE9 /* Project object */;
			proxyType = 1;
			remoteGlobalIDString = A372F0A121FB5F08004CEDE9;
			remoteInfo = BirdARGame;
		};
/* End PBXContainerItemProxy section */

/* Begin PBXFileReference section */
		A372F0A221FB5F08004CEDE9 /* BirdARGame.app */ = {isa = PBXFileReference; explicitFileType = wrapper.application; includeInIndex = 0; path = BirdARGame.app; sourceTree = BUILT_PRODUCTS_DIR; };
		A372F0A521FB5F08004CEDE9 /* AppDelegate.swift */ = {isa = PBXFileReference; lastKnownFileType = sourcecode.swift; path = AppDelegate.swift; sourceTree = "<group>"; };
		A372F0A721FB5F08004CEDE9 /* ViewController.swift */ = {isa = PBXFileReference; lastKnownFileType = sourcecode.swift; path = ViewController.swift; sourceTree = "<group>"; };
		A372F0AA21FB5F08004CEDE9 /* Base */ = {isa = PBXFileReference; lastKnownFileType = file.storyboard; name = Base; path = Base.lproj/Main.storyboard; sourceTree = "<group>"; };
		A372F0AC21FB5F0A004CEDE9 /* Assets.xcassets */ = {isa = PBXFileReference; lastKnownFileType = folder.assetcatalog; path = Assets.xcassets; sourceTree = "<group>"; };
		A372F0AF21FB5F0A004CEDE9 /* Base */ = {isa = PBXFileReference; lastKnownFileType = file.storyboard; name = Base; path = Base.lproj/LaunchScreen.storyboard; sourceTree = "<group>"; };
		A372F0B121FB5F0A004CEDE9 /* Info.plist */ = {isa = PBXFileReference; lastKnownFileType = text.plist.xml; path = Info.plist; sourceTree = "<group>"; };
		A372F0B621FB5F0A004CEDE9 /* BirdARGameTests.xctest */ = {isa = PBXFileReference; explicitFileType = wrapper.cfbundle; includeInIndex = 0; path = BirdARGameTests.xctest; sourceTree = BUILT_PRODUCTS_DIR; };
		A372F0BA21FB5F0A004CEDE9 /* BirdARGameTests.swift */ = {isa = PBXFileReference; lastKnownFileType = sourcecode.swift; path = BirdARGameTests.swift; sourceTree = "<group>"; };
		A372F0BC21FB5F0A004CEDE9 /* Info.plist */ = {isa = PBXFileReference; lastKnownFileType = text.plist.xml; path = Info.plist; sourceTree = "<group>"; };
		A372F0C121FB5F0A004CEDE9 /* BirdARGameUITests.xctest */ = {isa = PBXFileReference; explicitFileType = wrapper.cfbundle; includeInIndex = 0; path = BirdARGameUITests.xctest; sourceTree = BUILT_PRODUCTS_DIR; };
		A372F0C521FB5F0A004CEDE9 /* BirdARGameUITests.swift */ = {isa = PBXFileReference; lastKnownFileType = sourcecode.swift; path = BirdARGameUITests.swift; sourceTree = "<group>"; };
		A372F0C721FB5F0A004CEDE9 /* Info.plist */ = {isa = PBXFileReference; lastKnownFileType = text.plist.xml; path = Info.plist; sourceTree = "<group>"; };
		A372F0D521FB6102004CEDE9 /* Scene.sks */ = {isa = PBXFileReference; lastKnownFileType = file.sks; path = Scene.sks; sourceTree = "<group>"; };
		A372F0D721FB615E004CEDE9 /* Scene.swift */ = {isa = PBXFileReference; lastKnownFileType = sourcecode.swift; path = Scene.swift; sourceTree = "<group>"; };
/* End PBXFileReference section */

/* Begin PBXFrameworksBuildPhase section */
		A372F09F21FB5F08004CEDE9 /* Frameworks */ = {
			isa = PBXFrameworksBuildPhase;
			buildActionMask = 2147483647;
			files = (
			);
			runOnlyForDeploymentPostprocessing = 0;
		};
		A372F0B321FB5F0A004CEDE9 /* Frameworks */ = {
			isa = PBXFrameworksBuildPhase;
			buildActionMask = 2147483647;
			files = (
			);
			runOnlyForDeploymentPostprocessing = 0;
		};
		A372F0BE21FB5F0A004CEDE9 /* Frameworks */ = {
			isa = PBXFrameworksBuildPhase;
			buildActionMask = 2147483647;
			files = (
			);
			runOnlyForDeploymentPostprocessing = 0;
		};
/* End PBXFrameworksBuildPhase section */

/* Begin PBXGroup section */
		A372F09921FB5F08004CEDE9 = {
			isa = PBXGroup;
			children = (
				A372F0A421FB5F08004CEDE9 /* BirdARGame */,
				A372F0B921FB5F0A004CEDE9 /* BirdARGameTests */,
				A372F0C421FB5F0A004CEDE9 /* BirdARGameUITests */,
				A372F0A321FB5F08004CEDE9 /* Products */,
			);
			sourceTree = "<group>";
		};
		A372F0A321FB5F08004CEDE9 /* Products */ = {
			isa = PBXGroup;
			children = (
				A372F0A221FB5F08004CEDE9 /* BirdARGame.app */,
				A372F0B621FB5F0A004CEDE9 /* BirdARGameTests.xctest */,
				A372F0C121FB5F0A004CEDE9 /* BirdARGameUITests.xctest */,
			);
			name = Products;
			sourceTree = "<group>";
		};
		A372F0A421FB5F08004CEDE9 /* BirdARGame */ = {
			isa = PBXGroup;
			children = (
				A372F0A521FB5F08004CEDE9 /* AppDelegate.swift */,
				A372F0A721FB5F08004CEDE9 /* ViewController.swift */,
				A372F0A921FB5F08004CEDE9 /* Main.storyboard */,
				A372F0AC21FB5F0A004CEDE9 /* Assets.xcassets */,
				A372F0AE21FB5F0A004CEDE9 /* LaunchScreen.storyboard */,
				A372F0B121FB5F0A004CEDE9 /* Info.plist */,
				A372F0D521FB6102004CEDE9 /* Scene.sks */,
				A372F0D721FB615E004CEDE9 /* Scene.swift */,
			);
			path = BirdARGame;
			sourceTree = "<group>";
		};
		A372F0B921FB5F0A004CEDE9 /* BirdARGameTests */ = {
			isa = PBXGroup;
			children = (
				A372F0BA21FB5F0A004CEDE9 /* BirdARGameTests.swift */,
				A372F0BC21FB5F0A004CEDE9 /* Info.plist */,
			);
			path = BirdARGameTests;
			sourceTree = "<group>";
		};
		A372F0C421FB5F0A004CEDE9 /* BirdARGameUITests */ = {
			isa = PBXGroup;
			children = (
				A372F0C521FB5F0A004CEDE9 /* BirdARGameUITests.swift */,
				A372F0C721FB5F0A004CEDE9 /* Info.plist */,
			);
			path = BirdARGameUITests;
			sourceTree = "<group>";
		};
/* End PBXGroup section */

/* Begin PBXNativeTarget section */
		A372F0A121FB5F08004CEDE9 /* BirdARGame */ = {
			isa = PBXNativeTarget;
			buildConfigurationList = A372F0CA21FB5F0A004CEDE9 /* Build configuration list for PBXNativeTarget "BirdARGame" */;
			buildPhases = (
				A372F09E21FB5F08004CEDE9 /* Sources */,
				A372F09F21FB5F08004CEDE9 /* Frameworks */,
				A372F0A021FB5F08004CEDE9 /* Resources */,
			);
			buildRules = (
			);
			dependencies = (
			);
			name = BirdARGame;
			productName = BirdARGame;
			productReference = A372F0A221FB5F08004CEDE9 /* BirdARGame.app */;
			productType = "com.apple.product-type.application";
		};
		A372F0B521FB5F0A004CEDE9 /* BirdARGameTests */ = {
			isa = PBXNativeTarget;
			buildConfigurationList = A372F0CD21FB5F0A004CEDE9 /* Build configuration list for PBXNativeTarget "BirdARGameTests" */;
			buildPhases = (
				A372F0B221FB5F0A004CEDE9 /* Sources */,
				A372F0B321FB5F0A004CEDE9 /* Frameworks */,
				A372F0B421FB5F0A004CEDE9 /* Resources */,
			);
			buildRules = (
			);
			dependencies = (
				A372F0B821FB5F0A004CEDE9 /* PBXTargetDependency */,
			);
			name = BirdARGameTests;
			productName = BirdARGameTests;
			productReference = A372F0B621FB5F0A004CEDE9 /* BirdARGameTests.xctest */;
			productType = "com.apple.product-type.bundle.unit-test";
		};
		A372F0C021FB5F0A004CEDE9 /* BirdARGameUITests */ = {
			isa = PBXNativeTarget;
			buildConfigurationList = A372F0D021FB5F0A004CEDE9 /* Build configuration list for PBXNativeTarget "BirdARGameUITests" */;
			buildPhases = (
				A372F0BD21FB5F0A004CEDE9 /* Sources */,
				A372F0BE21FB5F0A004CEDE9 /* Frameworks */,
				A372F0BF21FB5F0A004CEDE9 /* Resources */,
			);
			buildRules = (
			);
			dependencies = (
				A372F0C321FB5F0A004CEDE9 /* PBXTargetDependency */,
			);
			name = BirdARGameUITests;
			productName = BirdARGameUITests;
			productReference = A372F0C121FB5F0A004CEDE9 /* BirdARGameUITests.xctest */;
			productType = "com.apple.product-type.bundle.ui-testing";
		};
/* End PBXNativeTarget section */

/* Begin PBXProject section */
		A372F09A21FB5F08004CEDE9 /* Project object */ = {
			isa = PBXProject;
			attributes = {
				LastSwiftUpdateCheck = 1010;
				LastUpgradeCheck = 1010;
				ORGANIZATIONNAME = "윤지영";
				TargetAttributes = {
					A372F0A121FB5F08004CEDE9 = {
						CreatedOnToolsVersion = 10.1;
					};
					A372F0B521FB5F0A004CEDE9 = {
						CreatedOnToolsVersion = 10.1;
						TestTargetID = A372F0A121FB5F08004CEDE9;
					};
					A372F0C021FB5F0A004CEDE9 = {
						CreatedOnToolsVersion = 10.1;
						TestTargetID = A372F0A121FB5F08004CEDE9;
					};
				};
			};
			buildConfigurationList = A372F09D21FB5F08004CEDE9 /* Build configuration list for PBXProject "BirdARGame" */;
			compatibilityVersion = "Xcode 9.3";
			developmentRegion = en;
			hasScannedForEncodings = 0;
			knownRegions = (
				en,
				Base,
			);
			mainGroup = A372F09921FB5F08004CEDE9;
			productRefGroup = A372F0A321FB5F08004CEDE9 /* Products */;
			projectDirPath = "";
			projectRoot = "";
			targets = (
				A372F0A121FB5F08004CEDE9 /* BirdARGame */,
				A372F0B521FB5F0A004CEDE9 /* BirdARGameTests */,
				A372F0C021FB5F0A004CEDE9 /* BirdARGameUITests */,
			);
		};
/* End PBXProject section */

/* Begin PBXResourcesBuildPhase section */
		A372F0A021FB5F08004CEDE9 /* Resources */ = {
			isa = PBXResourcesBuildPhase;
			buildActionMask = 2147483647;
			files = (
				A372F0B021FB5F0A004CEDE9 /* LaunchScreen.storyboard in Resources */,
				A372F0AD21FB5F0A004CEDE9 /* Assets.xcassets in Resources */,
				A372F0D621FB6102004CEDE9 /* Scene.sks in Resources */,
				A372F0AB21FB5F08004CEDE9 /* Main.storyboard in Resources */,
			);
			runOnlyForDeploymentPostprocessing = 0;
		};
		A372F0B421FB5F0A004CEDE9 /* Resources */ = {
			isa = PBXResourcesBuildPhase;
			buildActionMask = 2147483647;
			files = (
			);
			runOnlyForDeploymentPostprocessing = 0;
		};
		A372F0BF21FB5F0A004CEDE9 /* Resources */ = {
			isa = PBXResourcesBuildPhase;
			buildActionMask = 2147483647;
			files = (
			);
			runOnlyForDeploymentPostprocessing = 0;
		};
/* End PBXResourcesBuildPhase section */

/* Begin PBXSourcesBuildPhase section */
		A372F09E21FB5F08004CEDE9 /* Sources */ = {
			isa = PBXSourcesBuildPhase;
			buildActionMask = 2147483647;
			files = (
				A372F0A821FB5F08004CEDE9 /* ViewController.swift in Sources */,
				A372F0A621FB5F08004CEDE9 /* AppDelegate.swift in Sources */,
				A372F0D821FB615E004CEDE9 /* Scene.swift in Sources */,
			);
			runOnlyForDeploymentPostprocessing = 0;
		};
		A372F0B221FB5F0A004CEDE9 /* Sources */ = {
			isa = PBXSourcesBuildPhase;
			buildActionMask = 2147483647;
			files = (
				A372F0BB21FB5F0A004CEDE9 /* BirdARGameTests.swift in Sources */,
			);
			runOnlyForDeploymentPostprocessing = 0;
		};
		A372F0BD21FB5F0A004CEDE9 /* Sources */ = {
			isa = PBXSourcesBuildPhase;
			buildActionMask = 2147483647;
			files = (
				A372F0C621FB5F0A004CEDE9 /* BirdARGameUITests.swift in Sources */,
			);
			runOnlyForDeploymentPostprocessing = 0;
		};
/* End PBXSourcesBuildPhase section */

/* Begin PBXTargetDependency section */
		A372F0B821FB5F0A004CEDE9 /* PBXTargetDependency */ = {
			isa = PBXTargetDependency;
			target = A372F0A121FB5F08004CEDE9 /* BirdARGame */;
			targetProxy = A372F0B721FB5F0A004CEDE9 /* PBXContainerItemProxy */;
		};
		A372F0C321FB5F0A004CEDE9 /* PBXTargetDependency */ = {
			isa = PBXTargetDependency;
			target = A372F0A121FB5F08004CEDE9 /* BirdARGame */;
			targetProxy = A372F0C221FB5F0A004CEDE9 /* PBXContainerItemProxy */;
		};
/* End PBXTargetDependency section */

/* Begin PBXVariantGroup section */
		A372F0A921FB5F08004CEDE9 /* Main.storyboard */ = {
			isa = PBXVariantGroup;
			children = (
				A372F0AA21FB5F08004CEDE9 /* Base */,
			);
			name = Main.storyboard;
			sourceTree = "<group>";
		};
		A372F0AE21FB5F0A004CEDE9 /* LaunchScreen.storyboard */ = {
			isa = PBXVariantGroup;
			children = (
				A372F0AF21FB5F0A004CEDE9 /* Base */,
			);
			name = LaunchScreen.storyboard;
			sourceTree = "<group>";
		};
/* End PBXVariantGroup section */

/* Begin XCBuildConfiguration section */
		A372F0C821FB5F0A004CEDE9 /* Debug */ = {
			isa = XCBuildConfiguration;
			buildSettings = {
				ALWAYS_SEARCH_USER_PATHS = NO;
				CLANG_ANALYZER_NONNULL = YES;
				CLANG_ANALYZER_NUMBER_OBJECT_CONVERSION = YES_AGGRESSIVE;
				CLANG_CXX_LANGUAGE_STANDARD = "gnu++14";
				CLANG_CXX_LIBRARY = "libc++";
				CLANG_ENABLE_MODULES = YES;
				CLANG_ENABLE_OBJC_ARC = YES;
				CLANG_ENABLE_OBJC_WEAK = YES;
				CLANG_WARN_BLOCK_CAPTURE_AUTORELEASING = YES;
				CLANG_WARN_BOOL_CONVERSION = YES;
				CLANG_WARN_COMMA = YES;
				CLANG_WARN_CONSTANT_CONVERSION = YES;
				CLANG_WARN_DEPRECATED_OBJC_IMPLEMENTATIONS = YES;
				CLANG_WARN_DIRECT_OBJC_ISA_USAGE = YES_ERROR;
				CLANG_WARN_DOCUMENTATION_COMMENTS = YES;
				CLANG_WARN_EMPTY_BODY = YES;
				CLANG_WARN_ENUM_CONVERSION = YES;
				CLANG_WARN_INFINITE_RECURSION = YES;
				CLANG_WARN_INT_CONVERSION = YES;
				CLANG_WARN_NON_LITERAL_NULL_CONVERSION = YES;
				CLANG_WARN_OBJC_IMPLICIT_RETAIN_SELF = YES;
				CLANG_WARN_OBJC_LITERAL_CONVERSION = YES;
				CLANG_WARN_OBJC_ROOT_CLASS = YES_ERROR;
				CLANG_WARN_RANGE_LOOP_ANALYSIS = YES;
				CLANG_WARN_STRICT_PROTOTYPES = YES;
				CLANG_WARN_SUSPICIOUS_MOVE = YES;
				CLANG_WARN_UNGUARDED_AVAILABILITY = YES_AGGRESSIVE;
				CLANG_WARN_UNREACHABLE_CODE = YES;
				CLANG_WARN__DUPLICATE_METHOD_MATCH = YES;
				CODE_SIGN_IDENTITY = "iPhone Developer";
				COPY_PHASE_STRIP = NO;
				DEBUG_INFORMATION_FORMAT = dwarf;
				ENABLE_STRICT_OBJC_MSGSEND = YES;
				ENABLE_TESTABILITY = YES;
				GCC_C_LANGUAGE_STANDARD = gnu11;
				GCC_DYNAMIC_NO_PIC = NO;
				GCC_NO_COMMON_BLOCKS = YES;
				GCC_OPTIMIZATION_LEVEL = 0;
				GCC_PREPROCESSOR_DEFINITIONS = (
					"DEBUG=1",
					"$(inherited)",
				);
				GCC_WARN_64_TO_32_BIT_CONVERSION = YES;
				GCC_WARN_ABOUT_RETURN_TYPE = YES_ERROR;
				GCC_WARN_UNDECLARED_SELECTOR = YES;
				GCC_WARN_UNINITIALIZED_AUTOS = YES_AGGRESSIVE;
				GCC_WARN_UNUSED_FUNCTION = YES;
				GCC_WARN_UNUSED_VARIABLE = YES;
				IPHONEOS_DEPLOYMENT_TARGET = 12.1;
				MTL_ENABLE_DEBUG_INFO = INCLUDE_SOURCE;
				MTL_FAST_MATH = YES;
				ONLY_ACTIVE_ARCH = YES;
				SDKROOT = iphoneos;
				SWIFT_ACTIVE_COMPILATION_CONDITIONS = DEBUG;
				SWIFT_OPTIMIZATION_LEVEL = "-Onone";
			};
			name = Debug;
		};
		A372F0C921FB5F0A004CEDE9 /* Release */ = {
			isa = XCBuildConfiguration;
			buildSettings = {
				ALWAYS_SEARCH_USER_PATHS = NO;
				CLANG_ANALYZER_NONNULL = YES;
				CLANG_ANALYZER_NUMBER_OBJECT_CONVERSION = YES_AGGRESSIVE;
				CLANG_CXX_LANGUAGE_STANDARD = "gnu++14";
				CLANG_CXX_LIBRARY = "libc++";
				CLANG_ENABLE_MODULES = YES;
				CLANG_ENABLE_OBJC_ARC = YES;
				CLANG_ENABLE_OBJC_WEAK = YES;
				CLANG_WARN_BLOCK_CAPTURE_AUTORELEASING = YES;
				CLANG_WARN_BOOL_CONVERSION = YES;
				CLANG_WARN_COMMA = YES;
				CLANG_WARN_CONSTANT_CONVERSION = YES;
				CLANG_WARN_DEPRECATED_OBJC_IMPLEMENTATIONS = YES;
				CLANG_WARN_DIRECT_OBJC_ISA_USAGE = YES_ERROR;
				CLANG_WARN_DOCUMENTATION_COMMENTS = YES;
				CLANG_WARN_EMPTY_BODY = YES;
				CLANG_WARN_ENUM_CONVERSION = YES;
				CLANG_WARN_INFINITE_RECURSION = YES;
				CLANG_WARN_INT_CONVERSION = YES;
				CLANG_WARN_NON_LITERAL_NULL_CONVERSION = YES;
				CLANG_WARN_OBJC_IMPLICIT_RETAIN_SELF = YES;
				CLANG_WARN_OBJC_LITERAL_CONVERSION = YES;
				CLANG_WARN_OBJC_ROOT_CLASS = YES_ERROR;
				CLANG_WARN_RANGE_LOOP_ANALYSIS = YES;
				CLANG_WARN_STRICT_PROTOTYPES = YES;
				CLANG_WARN_SUSPICIOUS_MOVE = YES;
				CLANG_WARN_UNGUARDED_AVAILABILITY = YES_AGGRESSIVE;
				CLANG_WARN_UNREACHABLE_CODE = YES;
				CLANG_WARN__DUPLICATE_METHOD_MATCH = YES;
				CODE_SIGN_IDENTITY = "iPhone Developer";
				COPY_PHASE_STRIP = NO;
				DEBUG_INFORMATION_FORMAT = "dwarf-with-dsym";
				ENABLE_NS_ASSERTIONS = NO;
				ENABLE_STRICT_OBJC_MSGSEND = YES;
				GCC_C_LANGUAGE_STANDARD = gnu11;
				GCC_NO_COMMON_BLOCKS = YES;
				GCC_WARN_64_TO_32_BIT_CONVERSION = YES;
				GCC_WARN_ABOUT_RETURN_TYPE = YES_ERROR;
				GCC_WARN_UNDECLARED_SELECTOR = YES;
				GCC_WARN_UNINITIALIZED_AUTOS = YES_AGGRESSIVE;
				GCC_WARN_UNUSED_FUNCTION = YES;
				GCC_WARN_UNUSED_VARIABLE = YES;
				IPHONEOS_DEPLOYMENT_TARGET = 12.1;
				MTL_ENABLE_DEBUG_INFO = NO;
				MTL_FAST_MATH = YES;
				SDKROOT = iphoneos;
				SWIFT_COMPILATION_MODE = wholemodule;
				SWIFT_OPTIMIZATION_LEVEL = "-O";
				VALIDATE_PRODUCT = YES;
			};
			name = Release;
		};
		A372F0CB21FB5F0A004CEDE9 /* Debug */ = {
			isa = XCBuildConfiguration;
			buildSettings = {
				ASSETCATALOG_COMPILER_APPICON_NAME = AppIcon;
				CODE_SIGN_STYLE = Automatic;
				DEVELOPMENT_TEAM = B3PWYBKFUK;
				INFOPLIST_FILE = BirdARGame/Info.plist;
				LD_RUNPATH_SEARCH_PATHS = (
					"$(inherited)",
					"@executable_path/Frameworks",
				);
				PRODUCT_BUNDLE_IDENTIFIER = kr.jamie.BirdARGame;
				PRODUCT_NAME = "$(TARGET_NAME)";
				SWIFT_VERSION = 4.2;
				TARGETED_DEVICE_FAMILY = "1,2";
			};
			name = Debug;
		};
		A372F0CC21FB5F0A004CEDE9 /* Release */ = {
			isa = XCBuildConfiguration;
			buildSettings = {
				ASSETCATALOG_COMPILER_APPICON_NAME = AppIcon;
				CODE_SIGN_STYLE = Automatic;
				DEVELOPMENT_TEAM = B3PWYBKFUK;
				INFOPLIST_FILE = BirdARGame/Info.plist;
				LD_RUNPATH_SEARCH_PATHS = (
					"$(inherited)",
					"@executable_path/Frameworks",
				);
				PRODUCT_BUNDLE_IDENTIFIER = kr.jamie.BirdARGame;
				PRODUCT_NAME = "$(TARGET_NAME)";
				SWIFT_VERSION = 4.2;
				TARGETED_DEVICE_FAMILY = "1,2";
			};
			name = Release;
		};
		A372F0CE21FB5F0A004CEDE9 /* Debug */ = {
			isa = XCBuildConfiguration;
			buildSettings = {
				ALWAYS_EMBED_SWIFT_STANDARD_LIBRARIES = YES;
				BUNDLE_LOADER = "$(TEST_HOST)";
				CODE_SIGN_STYLE = Automatic;
				DEVELOPMENT_TEAM = B3PWYBKFUK;
				INFOPLIST_FILE = BirdARGameTests/Info.plist;
				LD_RUNPATH_SEARCH_PATHS = (
					"$(inherited)",
					"@executable_path/Frameworks",
					"@loader_path/Frameworks",
				);
				PRODUCT_BUNDLE_IDENTIFIER = kr.jamie.BirdARGameTests;
				PRODUCT_NAME = "$(TARGET_NAME)";
				SWIFT_VERSION = 4.2;
				TARGETED_DEVICE_FAMILY = "1,2";
				TEST_HOST = "$(BUILT_PRODUCTS_DIR)/BirdARGame.app/BirdARGame";
			};
			name = Debug;
		};
		A372F0CF21FB5F0A004CEDE9 /* Release */ = {
			isa = XCBuildConfiguration;
			buildSettings = {
				ALWAYS_EMBED_SWIFT_STANDARD_LIBRARIES = YES;
				BUNDLE_LOADER = "$(TEST_HOST)";
				CODE_SIGN_STYLE = Automatic;
				DEVELOPMENT_TEAM = B3PWYBKFUK;
				INFOPLIST_FILE = BirdARGameTests/Info.plist;
				LD_RUNPATH_SEARCH_PATHS = (
					"$(inherited)",
					"@executable_path/Frameworks",
					"@loader_path/Frameworks",
				);
				PRODUCT_BUNDLE_IDENTIFIER = kr.jamie.BirdARGameTests;
				PRODUCT_NAME = "$(TARGET_NAME)";
				SWIFT_VERSION = 4.2;
				TARGETED_DEVICE_FAMILY = "1,2";
				TEST_HOST = "$(BUILT_PRODUCTS_DIR)/BirdARGame.app/BirdARGame";
			};
			name = Release;
		};
		A372F0D121FB5F0A004CEDE9 /* Debug */ = {
			isa = XCBuildConfiguration;
			buildSettings = {
				ALWAYS_EMBED_SWIFT_STANDARD_LIBRARIES = YES;
				CODE_SIGN_STYLE = Automatic;
				DEVELOPMENT_TEAM = B3PWYBKFUK;
				INFOPLIST_FILE = BirdARGameUITests/Info.plist;
				LD_RUNPATH_SEARCH_PATHS = (
					"$(inherited)",
					"@executable_path/Frameworks",
					"@loader_path/Frameworks",
				);
				PRODUCT_BUNDLE_IDENTIFIER = kr.jamie.BirdARGameUITests;
				PRODUCT_NAME = "$(TARGET_NAME)";
				SWIFT_VERSION = 4.2;
				TARGETED_DEVICE_FAMILY = "1,2";
				TEST_TARGET_NAME = BirdARGame;
			};
			name = Debug;
		};
		A372F0D221FB5F0A004CEDE9 /* Release */ = {
			isa = XCBuildConfiguration;
			buildSettings = {
				ALWAYS_EMBED_SWIFT_STANDARD_LIBRARIES = YES;
				CODE_SIGN_STYLE = Automatic;
				DEVELOPMENT_TEAM = B3PWYBKFUK;
				INFOPLIST_FILE = BirdARGameUITests/Info.plist;
				LD_RUNPATH_SEARCH_PATHS = (
					"$(inherited)",
					"@executable_path/Frameworks",
					"@loader_path/Frameworks",
				);
				PRODUCT_BUNDLE_IDENTIFIER = kr.jamie.BirdARGameUITests;
				PRODUCT_NAME = "$(TARGET_NAME)";
				SWIFT_VERSION = 4.2;
				TARGETED_DEVICE_FAMILY = "1,2";
				TEST_TARGET_NAME = BirdARGame;
			};
			name = Release;
		};
/* End XCBuildConfiguration section */

/* Begin XCConfigurationList section */
		A372F09D21FB5F08004CEDE9 /* Build configuration list for PBXProject "BirdARGame" */ = {
			isa = XCConfigurationList;
			buildConfigurations = (
				A372F0C821FB5F0A004CEDE9 /* Debug */,
				A372F0C921FB5F0A004CEDE9 /* Release */,
			);
			defaultConfigurationIsVisible = 0;
			defaultConfigurationName = Release;
		};
		A372F0CA21FB5F0A004CEDE9 /* Build configuration list for PBXNativeTarget "BirdARGame" */ = {
			isa = XCConfigurationList;
			buildConfigurations = (
				A372F0CB21FB5F0A004CEDE9 /* Debug */,
				A372F0CC21FB5F0A004CEDE9 /* Release */,
			);
			defaultConfigurationIsVisible = 0;
			defaultConfigurationName = Release;
		};
		A372F0CD21FB5F0A004CEDE9 /* Build configuration list for PBXNativeTarget "BirdARGameTests" */ = {
			isa = XCConfigurationList;
			buildConfigurations = (
				A372F0CE21FB5F0A004CEDE9 /* Debug */,
				A372F0CF21FB5F0A004CEDE9 /* Release */,
			);
			defaultConfigurationIsVisible = 0;
			defaultConfigurationName = Release;
		};
		A372F0D021FB5F0A004CEDE9 /* Build configuration list for PBXNativeTarget "BirdARGameUITests" */ = {
			isa = XCConfigurationList;
			buildConfigurations = (
				A372F0D121FB5F0A004CEDE9 /* Debug */,
				A372F0D221FB5F0A004CEDE9 /* Release */,
			);
			defaultConfigurationIsVisible = 0;
			defaultConfigurationName = Release;
		};
/* End XCConfigurationList section */
	};
	rootObject = A372F09A21FB5F08004CEDE9 /* Project object */;
}
